
Microsoft Visual Studio Solution File, Format Version 12.00
# Visual Studio Version 17
VisualStudioVersion = 17.2.32526.322
MinimumVisualStudioVersion = 10.0.40219.1
Project("{9A19103F-16F7-4668-BE54-9A1E7A4F7556}") = "PointOfSale", "PointOfSale\PointOfSale.csproj", "{43E4CF01-78C1-4579-B25A-E5873F35AB8C}"
EndProject
Project("{9A19103F-16F7-4668-BE54-9A1E7A4F7556}") = "PointOfSaleClient", "PointOfSaleClient\PointOfSaleClient.csproj", "{87F3CE19-6AA5-43C5-8C3D-E0442F0BEA93}"
EndProject
Global
	GlobalSection(SolutionConfigurationPlatforms) = preSolution
		Debug|Any CPU = Debug|Any CPU
		Release|Any CPU = Release|Any CPU
	EndGlobalSection
	GlobalSection(ProjectConfigurationPlatforms) = postSolution
		{43E4CF01-78C1-4579-B25A-E5873F35AB8C}.Debug|Any CPU.ActiveCfg = Debug|Any CPU
		{43E4CF01-78C1-4579-B25A-E5873F35AB8C}.Debug|Any CPU.Build.0 = Debug|Any CPU
		{43E4CF01-78C1-4579-B25A-E5873F35AB8C}.Release|Any CPU.ActiveCfg = Release|Any CPU
		{43E4CF01-78C1-4579-B25A-E5873F35AB8C}.Release|Any CPU.Build.0 = Release|Any CPU
		{87F3CE19-6AA5-43C5-8C3D-E0442F0BEA93}.Debug|Any CPU.ActiveCfg = Debug|Any CPU
		{87F3CE19-6AA5-43C5-8C3D-E0442F0BEA93}.Debug|Any CPU.Build.0 = Debug|Any CPU
		{87F3CE19-6AA5-43C5-8C3D-E0442F0BEA93}.Release|Any CPU.ActiveCfg = Release|Any CPU
		{87F3CE19-6AA5-43C5-8C3D-E0442F0BEA93}.Release|Any CPU.Build.0 = Release|Any CPU
	EndGlobalSection
	GlobalSection(SolutionProperties) = preSolution
		HideSolutionNode = FALSE
	EndGlobalSection
	GlobalSection(ExtensibilityGlobals) = postSolution
		SolutionGuid = {D52A127A-3F2E-4843-94CD-744A9924690A}
	EndGlobalSection
EndGlobal
